{
    "name": "Trustworthy-Module-Registry",
    "version": "1.0.0",
    "lockfileVersion": 3,
    "requires": true,
    "description": "**Group 5 - Phase 2 Trustworthy Module Registry**",
    "main": "src/index.ts",
    "type": "module",
    "packages": {
        "": {
            "hasInstallScript": true
        }
    }
}
